
Microsoft Visual Studio Solution File, Format Version 12.00
# Visual Studio Version 16
VisualStudioVersion = 16.0.809.3
MinimumVisualStudioVersion = 10.0.40219.1
Project("{FAE04EC0-301F-11D3-BF4B-00C04F79EFBC}") = "practica7.Android", "practica7.Android\practica7.Android.csproj", "{8DFB88A8-0742-4237-B43B-D8B4F411E0EA}"
EndProject
Project("{FAE04EC0-301F-11D3-BF4B-00C04F79EFBC}") = "practica7.iOS", "practica7.iOS\practica7.iOS.csproj", "{F9F02412-2B41-473B-98CA-D69A27AE005F}"
EndProject
Project("{FAE04EC0-301F-11D3-BF4B-00C04F79EFBC}") = "practica7", "practica7\practica7.csproj", "{7FE1A31E-E47C-4DB8-A50C-3F58AB79B2AB}"
EndProject
Global
	GlobalSection(SolutionConfigurationPlatforms) = preSolution
		Debug|Any CPU = Debug|Any CPU
		Release|Any CPU = Release|Any CPU
		Debug|iPhoneSimulator = Debug|iPhoneSimulator
		Release|iPhoneSimulator = Release|iPhoneSimulator
		Debug|iPhone = Debug|iPhone
		Release|iPhone = Release|iPhone
	EndGlobalSection
	GlobalSection(ProjectConfigurationPlatforms) = postSolution
		{8DFB88A8-0742-4237-B43B-D8B4F411E0EA}.Debug|Any CPU.ActiveCfg = Debug|Any CPU
		{8DFB88A8-0742-4237-B43B-D8B4F411E0EA}.Debug|Any CPU.Build.0 = Debug|Any CPU
		{8DFB88A8-0742-4237-B43B-D8B4F411E0EA}.Release|Any CPU.ActiveCfg = Release|Any CPU
		{8DFB88A8-0742-4237-B43B-D8B4F411E0EA}.Release|Any CPU.Build.0 = Release|Any CPU
		{8DFB88A8-0742-4237-B43B-D8B4F411E0EA}.Debug|iPhoneSimulator.ActiveCfg = Debug|Any CPU
		{8DFB88A8-0742-4237-B43B-D8B4F411E0EA}.Debug|iPhoneSimulator.Build.0 = Debug|Any CPU
		{8DFB88A8-0742-4237-B43B-D8B4F411E0EA}.Release|iPhoneSimulator.ActiveCfg = Release|Any CPU
		{8DFB88A8-0742-4237-B43B-D8B4F411E0EA}.Release|iPhoneSimulator.Build.0 = Release|Any CPU
		{8DFB88A8-0742-4237-B43B-D8B4F411E0EA}.Debug|iPhone.ActiveCfg = Debug|Any CPU
		{8DFB88A8-0742-4237-B43B-D8B4F411E0EA}.Debug|iPhone.Build.0 = Debug|Any CPU
		{8DFB88A8-0742-4237-B43B-D8B4F411E0EA}.Release|iPhone.ActiveCfg = Release|Any CPU
		{8DFB88A8-0742-4237-B43B-D8B4F411E0EA}.Release|iPhone.Build.0 = Release|Any CPU
		{F9F02412-2B41-473B-98CA-D69A27AE005F}.Debug|Any CPU.ActiveCfg = Debug|iPhoneSimulator
		{F9F02412-2B41-473B-98CA-D69A27AE005F}.Debug|Any CPU.Build.0 = Debug|iPhoneSimulator
		{F9F02412-2B41-473B-98CA-D69A27AE005F}.Release|Any CPU.ActiveCfg = Release|iPhoneSimulator
		{F9F02412-2B41-473B-98CA-D69A27AE005F}.Release|Any CPU.Build.0 = Release|iPhoneSimulator
		{F9F02412-2B41-473B-98CA-D69A27AE005F}.Debug|iPhoneSimulator.ActiveCfg = Debug|iPhoneSimulator
		{F9F02412-2B41-473B-98CA-D69A27AE005F}.Debug|iPhoneSimulator.Build.0 = Debug|iPhoneSimulator
		{F9F02412-2B41-473B-98CA-D69A27AE005F}.Release|iPhoneSimulator.ActiveCfg = Release|iPhoneSimulator
		{F9F02412-2B41-473B-98CA-D69A27AE005F}.Release|iPhoneSimulator.Build.0 = Release|iPhoneSimulator
		{F9F02412-2B41-473B-98CA-D69A27AE005F}.Debug|iPhone.ActiveCfg = Debug|iPhone
		{F9F02412-2B41-473B-98CA-D69A27AE005F}.Debug|iPhone.Build.0 = Debug|iPhone
		{F9F02412-2B41-473B-98CA-D69A27AE005F}.Release|iPhone.ActiveCfg = Release|iPhone
		{F9F02412-2B41-473B-98CA-D69A27AE005F}.Release|iPhone.Build.0 = Release|iPhone
		{7FE1A31E-E47C-4DB8-A50C-3F58AB79B2AB}.Debug|Any CPU.ActiveCfg = Debug|Any CPU
		{7FE1A31E-E47C-4DB8-A50C-3F58AB79B2AB}.Debug|Any CPU.Build.0 = Debug|Any CPU
		{7FE1A31E-E47C-4DB8-A50C-3F58AB79B2AB}.Release|Any CPU.ActiveCfg = Release|Any CPU
		{7FE1A31E-E47C-4DB8-A50C-3F58AB79B2AB}.Release|Any CPU.Build.0 = Release|Any CPU
		{7FE1A31E-E47C-4DB8-A50C-3F58AB79B2AB}.Debug|iPhoneSimulator.ActiveCfg = Debug|Any CPU
		{7FE1A31E-E47C-4DB8-A50C-3F58AB79B2AB}.Debug|iPhoneSimulator.Build.0 = Debug|Any CPU
		{7FE1A31E-E47C-4DB8-A50C-3F58AB79B2AB}.Release|iPhoneSimulator.ActiveCfg = Release|Any CPU
		{7FE1A31E-E47C-4DB8-A50C-3F58AB79B2AB}.Release|iPhoneSimulator.Build.0 = Release|Any CPU
		{7FE1A31E-E47C-4DB8-A50C-3F58AB79B2AB}.Debug|iPhone.ActiveCfg = Debug|Any CPU
		{7FE1A31E-E47C-4DB8-A50C-3F58AB79B2AB}.Debug|iPhone.Build.0 = Debug|Any CPU
		{7FE1A31E-E47C-4DB8-A50C-3F58AB79B2AB}.Release|iPhone.ActiveCfg = Release|Any CPU
		{7FE1A31E-E47C-4DB8-A50C-3F58AB79B2AB}.Release|iPhone.Build.0 = Release|Any CPU
	EndGlobalSection
	GlobalSection(SolutionProperties) = preSolution
		HideSolutionNode = FALSE
	EndGlobalSection
	GlobalSection(ExtensibilityGlobals) = postSolution
		SolutionGuid = {D382633C-33D5-44FA-9605-FA2226A0F078}
	EndGlobalSection
EndGlobal
